Microsoft Visual Studio Solution File, Format Version 12.00
# Visual Studio Version 17
VisualStudioVersion = 17.5.2.0
MinimumVisualStudioVersion = 10.0.40219.1
Project("{FAE04EC0-301F-11D3-BF4B-00C04F79EFBC}") = "frontend", "frontend\frontend.csproj", "{90CF18BE-437A-4804-9E85-213B3EBFA1C5}"
EndProject
Project("{2150E333-8FDC-42A3-9474-1A3956D46DE8}") = "frontend (1)", "frontend (1)", "{76EF6369-3A74-2C2B-71BA-8FBA4A5C6EF0}"
EndProject
Project("{FAE04EC0-301F-11D3-BF4B-00C04F79EFBC}") = "GoogleTranslateGemma", "frontend\GoogleTranslateGemma.csproj", "{BF02CF4B-9DFD-E6AC-EEF6-8C7F6D46E00A}"
EndProject
Global
	GlobalSection(SolutionConfigurationPlatforms) = preSolution
		Debug|Any CPU = Debug|Any CPU
		Release|Any CPU = Release|Any CPU
	EndGlobalSection
	GlobalSection(ProjectConfigurationPlatforms) = postSolution
		{90CF18BE-437A-4804-9E85-213B3EBFA1C5}.Debug|Any CPU.ActiveCfg = Debug|Any CPU
		{90CF18BE-437A-4804-9E85-213B3EBFA1C5}.Debug|Any CPU.Build.0 = Debug|Any CPU
		{90CF18BE-437A-4804-9E85-213B3EBFA1C5}.Release|Any CPU.ActiveCfg = Release|Any CPU
		{90CF18BE-437A-4804-9E85-213B3EBFA1C5}.Release|Any CPU.Build.0 = Release|Any CPU
		{BF02CF4B-9DFD-E6AC-EEF6-8C7F6D46E00A}.Debug|Any CPU.ActiveCfg = Debug|Any CPU
		{BF02CF4B-9DFD-E6AC-EEF6-8C7F6D46E00A}.Debug|Any CPU.Build.0 = Debug|Any CPU
		{BF02CF4B-9DFD-E6AC-EEF6-8C7F6D46E00A}.Release|Any CPU.ActiveCfg = Release|Any CPU
		{BF02CF4B-9DFD-E6AC-EEF6-8C7F6D46E00A}.Release|Any CPU.Build.0 = Release|Any CPU
	EndGlobalSection
	GlobalSection(SolutionProperties) = preSolution
		HideSolutionNode = FALSE
	EndGlobalSection
	GlobalSection(NestedProjects) = preSolution
		{BF02CF4B-9DFD-E6AC-EEF6-8C7F6D46E00A} = {76EF6369-3A74-2C2B-71BA-8FBA4A5C6EF0}
	EndGlobalSection
	GlobalSection(ExtensibilityGlobals) = postSolution
		SolutionGuid = {F4536806-D6B2-45F9-8DA8-183E159236FB}
	EndGlobalSection
EndGlobal
